
Microsoft Visual Studio Solution File, Format Version 12.00
# Visual Studio Version 17
VisualStudioVersion = 17.3.32922.545
MinimumVisualStudioVersion = 10.0.40219.1
Project("{9A19103F-16F7-4668-BE54-9A1E7A4F7556}") = "CatCode_WikiNovel", "CatCode_WikiNovel\CatCode_WikiNovel.csproj", "{91C50325-98EB-413A-9B30-C48A76F7695A}"
EndProject
Project("{FAE04EC0-301F-11D3-BF4B-00C04F79EFBC}") = "WowCommon", "WowCommon\WowCommon.csproj", "{6CCA87FE-7068-4FAF-9CD0-2B185CCB8ED9}"
EndProject
Project("{FAE04EC0-301F-11D3-BF4B-00C04F79EFBC}") = "WowCore", "WowCore\WowCore.csproj", "{FAF88DD3-DF59-4ED9-84FD-3814B7EE9F7E}"
EndProject
Project("{FAE04EC0-301F-11D3-BF4B-00C04F79EFBC}") = "WowModel", "WowModel\WowModel.csproj", "{DA7969B9-6EAF-421F-A671-10012B9E2EA2}"
EndProject
Project("{FAE04EC0-301F-11D3-BF4B-00C04F79EFBC}") = "WowSQL", "WowSQL\WowSQL.csproj", "{713D9567-63D3-42E3-AED1-6452F41E475A}"
EndProject
Global
	GlobalSection(SolutionConfigurationPlatforms) = preSolution
		Debug|Any CPU = Debug|Any CPU
		Debug|x86 = Debug|x86
		Plans5_Release|Any CPU = Plans5_Release|Any CPU
		Plans5_Release|x86 = Plans5_Release|x86
		Plans5|Any CPU = Plans5|Any CPU
		Plans5|x86 = Plans5|x86
		Publish|Any CPU = Publish|Any CPU
		Publish|x86 = Publish|x86
		Realestate_com_au|Any CPU = Realestate_com_au|Any CPU
		Realestate_com_au|x86 = Realestate_com_au|x86
		Release|Any CPU = Release|Any CPU
		Release|x86 = Release|x86
		Tiki_vn|Any CPU = Tiki_vn|Any CPU
		Tiki_vn|x86 = Tiki_vn|x86
	EndGlobalSection
	GlobalSection(ProjectConfigurationPlatforms) = postSolution
		{91C50325-98EB-413A-9B30-C48A76F7695A}.Debug|Any CPU.ActiveCfg = Debug|Any CPU
		{91C50325-98EB-413A-9B30-C48A76F7695A}.Debug|Any CPU.Build.0 = Debug|Any CPU
		{91C50325-98EB-413A-9B30-C48A76F7695A}.Debug|x86.ActiveCfg = Debug|Any CPU
		{91C50325-98EB-413A-9B30-C48A76F7695A}.Debug|x86.Build.0 = Debug|Any CPU
		{91C50325-98EB-413A-9B30-C48A76F7695A}.Plans5_Release|Any CPU.ActiveCfg = Release|Any CPU
		{91C50325-98EB-413A-9B30-C48A76F7695A}.Plans5_Release|Any CPU.Build.0 = Release|Any CPU
		{91C50325-98EB-413A-9B30-C48A76F7695A}.Plans5_Release|x86.ActiveCfg = Release|Any CPU
		{91C50325-98EB-413A-9B30-C48A76F7695A}.Plans5_Release|x86.Build.0 = Release|Any CPU
		{91C50325-98EB-413A-9B30-C48A76F7695A}.Plans5|Any CPU.ActiveCfg = Release|Any CPU
		{91C50325-98EB-413A-9B30-C48A76F7695A}.Plans5|Any CPU.Build.0 = Release|Any CPU
		{91C50325-98EB-413A-9B30-C48A76F7695A}.Plans5|x86.ActiveCfg = Release|Any CPU
		{91C50325-98EB-413A-9B30-C48A76F7695A}.Plans5|x86.Build.0 = Release|Any CPU
		{91C50325-98EB-413A-9B30-C48A76F7695A}.Publish|Any CPU.ActiveCfg = Release|Any CPU
		{91C50325-98EB-413A-9B30-C48A76F7695A}.Publish|Any CPU.Build.0 = Release|Any CPU
		{91C50325-98EB-413A-9B30-C48A76F7695A}.Publish|x86.ActiveCfg = Release|Any CPU
		{91C50325-98EB-413A-9B30-C48A76F7695A}.Publish|x86.Build.0 = Release|Any CPU
		{91C50325-98EB-413A-9B30-C48A76F7695A}.Realestate_com_au|Any CPU.ActiveCfg = Release|Any CPU
		{91C50325-98EB-413A-9B30-C48A76F7695A}.Realestate_com_au|Any CPU.Build.0 = Release|Any CPU
		{91C50325-98EB-413A-9B30-C48A76F7695A}.Realestate_com_au|x86.ActiveCfg = Release|Any CPU
		{91C50325-98EB-413A-9B30-C48A76F7695A}.Realestate_com_au|x86.Build.0 = Release|Any CPU
		{91C50325-98EB-413A-9B30-C48A76F7695A}.Release|Any CPU.ActiveCfg = Release|Any CPU
		{91C50325-98EB-413A-9B30-C48A76F7695A}.Release|Any CPU.Build.0 = Release|Any CPU
		{91C50325-98EB-413A-9B30-C48A76F7695A}.Release|x86.ActiveCfg = Release|Any CPU
		{91C50325-98EB-413A-9B30-C48A76F7695A}.Release|x86.Build.0 = Release|Any CPU
		{91C50325-98EB-413A-9B30-C48A76F7695A}.Tiki_vn|Any CPU.ActiveCfg = Release|Any CPU
		{91C50325-98EB-413A-9B30-C48A76F7695A}.Tiki_vn|Any CPU.Build.0 = Release|Any CPU
		{91C50325-98EB-413A-9B30-C48A76F7695A}.Tiki_vn|x86.ActiveCfg = Release|Any CPU
		{91C50325-98EB-413A-9B30-C48A76F7695A}.Tiki_vn|x86.Build.0 = Release|Any CPU
		{6CCA87FE-7068-4FAF-9CD0-2B185CCB8ED9}.Debug|Any CPU.ActiveCfg = Debug|Any CPU
		{6CCA87FE-7068-4FAF-9CD0-2B185CCB8ED9}.Debug|Any CPU.Build.0 = Debug|Any CPU
		{6CCA87FE-7068-4FAF-9CD0-2B185CCB8ED9}.Debug|x86.ActiveCfg = Debug|Any CPU
		{6CCA87FE-7068-4FAF-9CD0-2B185CCB8ED9}.Debug|x86.Build.0 = Debug|Any CPU
		{6CCA87FE-7068-4FAF-9CD0-2B185CCB8ED9}.Plans5_Release|Any CPU.ActiveCfg = Release|Any CPU
		{6CCA87FE-7068-4FAF-9CD0-2B185CCB8ED9}.Plans5_Release|Any CPU.Build.0 = Release|Any CPU
		{6CCA87FE-7068-4FAF-9CD0-2B185CCB8ED9}.Plans5_Release|x86.ActiveCfg = Release|Any CPU
		{6CCA87FE-7068-4FAF-9CD0-2B185CCB8ED9}.Plans5_Release|x86.Build.0 = Release|Any CPU
		{6CCA87FE-7068-4FAF-9CD0-2B185CCB8ED9}.Plans5|Any CPU.ActiveCfg = Debug|Any CPU
		{6CCA87FE-7068-4FAF-9CD0-2B185CCB8ED9}.Plans5|Any CPU.Build.0 = Debug|Any CPU
		{6CCA87FE-7068-4FAF-9CD0-2B185CCB8ED9}.Plans5|x86.ActiveCfg = Debug|Any CPU
		{6CCA87FE-7068-4FAF-9CD0-2B185CCB8ED9}.Plans5|x86.Build.0 = Debug|Any CPU
		{6CCA87FE-7068-4FAF-9CD0-2B185CCB8ED9}.Publish|Any CPU.ActiveCfg = Debug|Any CPU
		{6CCA87FE-7068-4FAF-9CD0-2B185CCB8ED9}.Publish|Any CPU.Build.0 = Debug|Any CPU
		{6CCA87FE-7068-4FAF-9CD0-2B185CCB8ED9}.Publish|x86.ActiveCfg = Debug|Any CPU
		{6CCA87FE-7068-4FAF-9CD0-2B185CCB8ED9}.Publish|x86.Build.0 = Debug|Any CPU
		{6CCA87FE-7068-4FAF-9CD0-2B185CCB8ED9}.Realestate_com_au|Any CPU.ActiveCfg = Release|Any CPU
		{6CCA87FE-7068-4FAF-9CD0-2B185CCB8ED9}.Realestate_com_au|Any CPU.Build.0 = Release|Any CPU
		{6CCA87FE-7068-4FAF-9CD0-2B185CCB8ED9}.Realestate_com_au|x86.ActiveCfg = Release|Any CPU
		{6CCA87FE-7068-4FAF-9CD0-2B185CCB8ED9}.Realestate_com_au|x86.Build.0 = Release|Any CPU
		{6CCA87FE-7068-4FAF-9CD0-2B185CCB8ED9}.Release|Any CPU.ActiveCfg = Release|Any CPU
		{6CCA87FE-7068-4FAF-9CD0-2B185CCB8ED9}.Release|Any CPU.Build.0 = Release|Any CPU
		{6CCA87FE-7068-4FAF-9CD0-2B185CCB8ED9}.Release|x86.ActiveCfg = Release|Any CPU
		{6CCA87FE-7068-4FAF-9CD0-2B185CCB8ED9}.Release|x86.Build.0 = Release|Any CPU
		{6CCA87FE-7068-4FAF-9CD0-2B185CCB8ED9}.Tiki_vn|Any CPU.ActiveCfg = Debug|Any CPU
		{6CCA87FE-7068-4FAF-9CD0-2B185CCB8ED9}.Tiki_vn|Any CPU.Build.0 = Debug|Any CPU
		{6CCA87FE-7068-4FAF-9CD0-2B185CCB8ED9}.Tiki_vn|x86.ActiveCfg = Debug|Any CPU
		{6CCA87FE-7068-4FAF-9CD0-2B185CCB8ED9}.Tiki_vn|x86.Build.0 = Debug|Any CPU
		{FAF88DD3-DF59-4ED9-84FD-3814B7EE9F7E}.Debug|Any CPU.ActiveCfg = Debug|Any CPU
		{FAF88DD3-DF59-4ED9-84FD-3814B7EE9F7E}.Debug|Any CPU.Build.0 = Debug|Any CPU
		{FAF88DD3-DF59-4ED9-84FD-3814B7EE9F7E}.Debug|x86.ActiveCfg = Debug|Any CPU
		{FAF88DD3-DF59-4ED9-84FD-3814B7EE9F7E}.Debug|x86.Build.0 = Debug|Any CPU
		{FAF88DD3-DF59-4ED9-84FD-3814B7EE9F7E}.Plans5_Release|Any CPU.ActiveCfg = Release|Any CPU
		{FAF88DD3-DF59-4ED9-84FD-3814B7EE9F7E}.Plans5_Release|Any CPU.Build.0 = Release|Any CPU
		{FAF88DD3-DF59-4ED9-84FD-3814B7EE9F7E}.Plans5_Release|x86.ActiveCfg = Release|Any CPU
		{FAF88DD3-DF59-4ED9-84FD-3814B7EE9F7E}.Plans5_Release|x86.Build.0 = Release|Any CPU
		{FAF88DD3-DF59-4ED9-84FD-3814B7EE9F7E}.Plans5|Any CPU.ActiveCfg = Debug|Any CPU
		{FAF88DD3-DF59-4ED9-84FD-3814B7EE9F7E}.Plans5|Any CPU.Build.0 = Debug|Any CPU
		{FAF88DD3-DF59-4ED9-84FD-3814B7EE9F7E}.Plans5|x86.ActiveCfg = Debug|Any CPU
		{FAF88DD3-DF59-4ED9-84FD-3814B7EE9F7E}.Plans5|x86.Build.0 = Debug|Any CPU
		{FAF88DD3-DF59-4ED9-84FD-3814B7EE9F7E}.Publish|Any CPU.ActiveCfg = Debug|Any CPU
		{FAF88DD3-DF59-4ED9-84FD-3814B7EE9F7E}.Publish|Any CPU.Build.0 = Debug|Any CPU
		{FAF88DD3-DF59-4ED9-84FD-3814B7EE9F7E}.Publish|x86.ActiveCfg = Debug|Any CPU
		{FAF88DD3-DF59-4ED9-84FD-3814B7EE9F7E}.Publish|x86.Build.0 = Debug|Any CPU
		{FAF88DD3-DF59-4ED9-84FD-3814B7EE9F7E}.Realestate_com_au|Any CPU.ActiveCfg = Release|Any CPU
		{FAF88DD3-DF59-4ED9-84FD-3814B7EE9F7E}.Realestate_com_au|Any CPU.Build.0 = Release|Any CPU
		{FAF88DD3-DF59-4ED9-84FD-3814B7EE9F7E}.Realestate_com_au|x86.ActiveCfg = Release|Any CPU
		{FAF88DD3-DF59-4ED9-84FD-3814B7EE9F7E}.Realestate_com_au|x86.Build.0 = Release|Any CPU
		{FAF88DD3-DF59-4ED9-84FD-3814B7EE9F7E}.Release|Any CPU.ActiveCfg = Release|Any CPU
		{FAF88DD3-DF59-4ED9-84FD-3814B7EE9F7E}.Release|Any CPU.Build.0 = Release|Any CPU
		{FAF88DD3-DF59-4ED9-84FD-3814B7EE9F7E}.Release|x86.ActiveCfg = Release|Any CPU
		{FAF88DD3-DF59-4ED9-84FD-3814B7EE9F7E}.Release|x86.Build.0 = Release|Any CPU
		{FAF88DD3-DF59-4ED9-84FD-3814B7EE9F7E}.Tiki_vn|Any CPU.ActiveCfg = Debug|Any CPU
		{FAF88DD3-DF59-4ED9-84FD-3814B7EE9F7E}.Tiki_vn|Any CPU.Build.0 = Debug|Any CPU
		{FAF88DD3-DF59-4ED9-84FD-3814B7EE9F7E}.Tiki_vn|x86.ActiveCfg = Debug|Any CPU
		{FAF88DD3-DF59-4ED9-84FD-3814B7EE9F7E}.Tiki_vn|x86.Build.0 = Debug|Any CPU
		{DA7969B9-6EAF-421F-A671-10012B9E2EA2}.Debug|Any CPU.ActiveCfg = Debug|Any CPU
		{DA7969B9-6EAF-421F-A671-10012B9E2EA2}.Debug|Any CPU.Build.0 = Debug|Any CPU
		{DA7969B9-6EAF-421F-A671-10012B9E2EA2}.Debug|x86.ActiveCfg = Debug|Any CPU
		{DA7969B9-6EAF-421F-A671-10012B9E2EA2}.Debug|x86.Build.0 = Debug|Any CPU
		{DA7969B9-6EAF-421F-A671-10012B9E2EA2}.Plans5_Release|Any CPU.ActiveCfg = Release|Any CPU
		{DA7969B9-6EAF-421F-A671-10012B9E2EA2}.Plans5_Release|Any CPU.Build.0 = Release|Any CPU
		{DA7969B9-6EAF-421F-A671-10012B9E2EA2}.Plans5_Release|x86.ActiveCfg = Release|Any CPU
		{DA7969B9-6EAF-421F-A671-10012B9E2EA2}.Plans5_Release|x86.Build.0 = Release|Any CPU
		{DA7969B9-6EAF-421F-A671-10012B9E2EA2}.Plans5|Any CPU.ActiveCfg = Debug|Any CPU
		{DA7969B9-6EAF-421F-A671-10012B9E2EA2}.Plans5|Any CPU.Build.0 = Debug|Any CPU
		{DA7969B9-6EAF-421F-A671-10012B9E2EA2}.Plans5|x86.ActiveCfg = Debug|Any CPU
		{DA7969B9-6EAF-421F-A671-10012B9E2EA2}.Plans5|x86.Build.0 = Debug|Any CPU
		{DA7969B9-6EAF-421F-A671-10012B9E2EA2}.Publish|Any CPU.ActiveCfg = Debug|Any CPU
		{DA7969B9-6EAF-421F-A671-10012B9E2EA2}.Publish|Any CPU.Build.0 = Debug|Any CPU
		{DA7969B9-6EAF-421F-A671-10012B9E2EA2}.Publish|x86.ActiveCfg = Debug|Any CPU
		{DA7969B9-6EAF-421F-A671-10012B9E2EA2}.Publish|x86.Build.0 = Debug|Any CPU
		{DA7969B9-6EAF-421F-A671-10012B9E2EA2}.Realestate_com_au|Any CPU.ActiveCfg = Release|Any CPU
		{DA7969B9-6EAF-421F-A671-10012B9E2EA2}.Realestate_com_au|Any CPU.Build.0 = Release|Any CPU
		{DA7969B9-6EAF-421F-A671-10012B9E2EA2}.Realestate_com_au|x86.ActiveCfg = Release|Any CPU
		{DA7969B9-6EAF-421F-A671-10012B9E2EA2}.Realestate_com_au|x86.Build.0 = Release|Any CPU
		{DA7969B9-6EAF-421F-A671-10012B9E2EA2}.Release|Any CPU.ActiveCfg = Release|Any CPU
		{DA7969B9-6EAF-421F-A671-10012B9E2EA2}.Release|Any CPU.Build.0 = Release|Any CPU
		{DA7969B9-6EAF-421F-A671-10012B9E2EA2}.Release|x86.ActiveCfg = Release|Any CPU
		{DA7969B9-6EAF-421F-A671-10012B9E2EA2}.Release|x86.Build.0 = Release|Any CPU
		{DA7969B9-6EAF-421F-A671-10012B9E2EA2}.Tiki_vn|Any CPU.ActiveCfg = Debug|Any CPU
		{DA7969B9-6EAF-421F-A671-10012B9E2EA2}.Tiki_vn|Any CPU.Build.0 = Debug|Any CPU
		{DA7969B9-6EAF-421F-A671-10012B9E2EA2}.Tiki_vn|x86.ActiveCfg = Debug|Any CPU
		{DA7969B9-6EAF-421F-A671-10012B9E2EA2}.Tiki_vn|x86.Build.0 = Debug|Any CPU
		{713D9567-63D3-42E3-AED1-6452F41E475A}.Debug|Any CPU.ActiveCfg = Debug|Any CPU
		{713D9567-63D3-42E3-AED1-6452F41E475A}.Debug|Any CPU.Build.0 = Debug|Any CPU
		{713D9567-63D3-42E3-AED1-6452F41E475A}.Debug|x86.ActiveCfg = Debug|Any CPU
		{713D9567-63D3-42E3-AED1-6452F41E475A}.Debug|x86.Build.0 = Debug|Any CPU
		{713D9567-63D3-42E3-AED1-6452F41E475A}.Plans5_Release|Any CPU.ActiveCfg = Release|Any CPU
		{713D9567-63D3-42E3-AED1-6452F41E475A}.Plans5_Release|Any CPU.Build.0 = Release|Any CPU
		{713D9567-63D3-42E3-AED1-6452F41E475A}.Plans5_Release|x86.ActiveCfg = Release|Any CPU
		{713D9567-63D3-42E3-AED1-6452F41E475A}.Plans5_Release|x86.Build.0 = Release|Any CPU
		{713D9567-63D3-42E3-AED1-6452F41E475A}.Plans5|Any CPU.ActiveCfg = Debug|Any CPU
		{713D9567-63D3-42E3-AED1-6452F41E475A}.Plans5|Any CPU.Build.0 = Debug|Any CPU
		{713D9567-63D3-42E3-AED1-6452F41E475A}.Plans5|x86.ActiveCfg = Debug|Any CPU
		{713D9567-63D3-42E3-AED1-6452F41E475A}.Plans5|x86.Build.0 = Debug|Any CPU
		{713D9567-63D3-42E3-AED1-6452F41E475A}.Publish|Any CPU.ActiveCfg = Debug|Any CPU
		{713D9567-63D3-42E3-AED1-6452F41E475A}.Publish|Any CPU.Build.0 = Debug|Any CPU
		{713D9567-63D3-42E3-AED1-6452F41E475A}.Publish|x86.ActiveCfg = Debug|Any CPU
		{713D9567-63D3-42E3-AED1-6452F41E475A}.Publish|x86.Build.0 = Debug|Any CPU
		{713D9567-63D3-42E3-AED1-6452F41E475A}.Realestate_com_au|Any CPU.ActiveCfg = Release|Any CPU
		{713D9567-63D3-42E3-AED1-6452F41E475A}.Realestate_com_au|Any CPU.Build.0 = Release|Any CPU
		{713D9567-63D3-42E3-AED1-6452F41E475A}.Realestate_com_au|x86.ActiveCfg = Release|Any CPU
		{713D9567-63D3-42E3-AED1-6452F41E475A}.Realestate_com_au|x86.Build.0 = Release|Any CPU
		{713D9567-63D3-42E3-AED1-6452F41E475A}.Release|Any CPU.ActiveCfg = Release|Any CPU
		{713D9567-63D3-42E3-AED1-6452F41E475A}.Release|Any CPU.Build.0 = Release|Any CPU
		{713D9567-63D3-42E3-AED1-6452F41E475A}.Release|x86.ActiveCfg = Release|Any CPU
		{713D9567-63D3-42E3-AED1-6452F41E475A}.Release|x86.Build.0 = Release|Any CPU
		{713D9567-63D3-42E3-AED1-6452F41E475A}.Tiki_vn|Any CPU.ActiveCfg = Debug|Any CPU
		{713D9567-63D3-42E3-AED1-6452F41E475A}.Tiki_vn|Any CPU.Build.0 = Debug|Any CPU
		{713D9567-63D3-42E3-AED1-6452F41E475A}.Tiki_vn|x86.ActiveCfg = Debug|Any CPU
		{713D9567-63D3-42E3-AED1-6452F41E475A}.Tiki_vn|x86.Build.0 = Debug|Any CPU
	EndGlobalSection
	GlobalSection(SolutionProperties) = preSolution
		HideSolutionNode = FALSE
	EndGlobalSection
	GlobalSection(ExtensibilityGlobals) = postSolution
		SolutionGuid = {DDC073E3-E92D-4014-80B4-0297193E7624}
	EndGlobalSection
EndGlobal
